
Microsoft Visual Studio Solution File, Format Version 12.00
# Visual Studio Version 17
VisualStudioVersion = 17.5.002.0
MinimumVisualStudioVersion = 10.0.40219.1
Project("{9A19103F-16F7-4668-BE54-9A1E7A4F7556}") = "csharptask", "csharptask.csproj", "{B7073683-52E9-463C-B45C-D9F668563159}"
EndProject
Global
	GlobalSection(SolutionConfigurationPlatforms) = preSolution
		Debug|Any CPU = Debug|Any CPU
		Release|Any CPU = Release|Any CPU
	EndGlobalSection
	GlobalSection(ProjectConfigurationPlatforms) = postSolution
		{B7073683-52E9-463C-B45C-D9F668563159}.Debug|Any CPU.ActiveCfg = Debug|Any CPU
		{B7073683-52E9-463C-B45C-D9F668563159}.Debug|Any CPU.Build.0 = Debug|Any CPU
		{B7073683-52E9-463C-B45C-D9F668563159}.Release|Any CPU.ActiveCfg = Release|Any CPU
		{B7073683-52E9-463C-B45C-D9F668563159}.Release|Any CPU.Build.0 = Release|Any CPU
	EndGlobalSection
	GlobalSection(SolutionProperties) = preSolution
		HideSolutionNode = FALSE
	EndGlobalSection
	GlobalSection(ExtensibilityGlobals) = postSolution
		SolutionGuid = {7541C56D-2742-4F67-8DA4-C0B211618D13}
	EndGlobalSection
EndGlobal
